
Microsoft Visual Studio Solution File, Format Version 9.00
# Visual Studio 2005
Project("{8BC9CEB8-8B4A-11D0-8D11-00A0C91BC942}") = "CardProject", "CardProject\CardProject.vcproj", "{42189A3A-500B-41F2-AEDE-323292F5AE50}"
EndProject
Project("{8BC9CEB8-8B4A-11D0-8D11-00A0C91BC942}") = "BHGX_PRINT_P330i", "BHGX_PRINT_P330i\BHGX_PRINT_P330i.vcproj", "{BD82F949-9DCD-4A3E-B4A6-1221033B819D}"
EndProject
Project("{8BC9CEB8-8B4A-11D0-8D11-00A0C91BC942}") = "BHGX_HISReader", "BHGX_HISReader\BHGX_HISReader.vcproj", "{5A4F078B-15D9-45B7-836F-A85FF6ACEED6}"
EndProject
Project("{8BC9CEB8-8B4A-11D0-8D11-00A0C91BC942}") = "BHGX_PRINT_ALL", "BHGX_PRINT_ALL\BHGX_PRINT_ALL.vcproj", "{9D9D0D65-FF1B-4990-BA1B-B08AA49043CA}"
EndProject
Project("{8BC9CEB8-8B4A-11D0-8D11-00A0C91BC942}") = "BHGX_MF_VCard", "VCard\BHGX_MF_VCard.vcproj", "{75D4E99B-E1AD-48A8-8C6B-2F32E79E916D}"
EndProject
Project("{8BC9CEB8-8B4A-11D0-8D11-00A0C91BC942}") = "BHGX_HospitalProcess", "BHGX_HospitalProcess\BHGX_HospitalProcess.vcproj", "{99D33A51-05EC-4B4C-82DA-CD2B802608C3}"
EndProject
Project("{8BC9CEB8-8B4A-11D0-8D11-00A0C91BC942}") = "BHGX_CardActiveX", "BHGX_CardActiveX\BHGX_CardActiveX.vcproj", "{F1AE5106-AFA2-4107-845E-03D756932617}"
EndProject
Project("{8BC9CEB8-8B4A-11D0-8D11-00A0C91BC942}") = "BHGX_CardLib", "BHGX_CardLib\BHGX_CardLib.vcproj", "{90DC7BD0-2CA4-41A1-A432-614D14D0FE09}"
EndProject
Project("{8BC9CEB8-8B4A-11D0-8D11-00A0C91BC942}") = "BHGX_CreateCardData", "BHGX_CreateCardData\BHGX_CreateCardData.vcproj", "{A4E1ADCA-A104-4948-8695-BCECE8371FAC}"
EndProject
Project("{8BC9CEB8-8B4A-11D0-8D11-00A0C91BC942}") = "BHGX_MF_HCT", "BHGX_MF_HCT\BHGX_MF_HCT.vcproj", "{3D045F48-486F-42EC-889C-23691A0AAC39}"
EndProject
Project("{8BC9CEB8-8B4A-11D0-8D11-00A0C91BC942}") = "BHGX_MF_P330i", "BHGX_MF_P330i\BHGX_MF_P330i.vcproj", "{23C7985C-9395-443F-ABBD-6732C6D5360F}"
EndProject
Global
	GlobalSection(SolutionConfigurationPlatforms) = preSolution
		Debug|Win32 = Debug|Win32
		Release|Win32 = Release|Win32
	EndGlobalSection
	GlobalSection(ProjectConfigurationPlatforms) = postSolution
		{42189A3A-500B-41F2-AEDE-323292F5AE50}.Debug|Win32.ActiveCfg = Debug|Win32
		{42189A3A-500B-41F2-AEDE-323292F5AE50}.Debug|Win32.Build.0 = Debug|Win32
		{42189A3A-500B-41F2-AEDE-323292F5AE50}.Release|Win32.ActiveCfg = Release|Win32
		{42189A3A-500B-41F2-AEDE-323292F5AE50}.Release|Win32.Build.0 = Release|Win32
		{BD82F949-9DCD-4A3E-B4A6-1221033B819D}.Debug|Win32.ActiveCfg = Debug|Win32
		{BD82F949-9DCD-4A3E-B4A6-1221033B819D}.Debug|Win32.Build.0 = Debug|Win32
		{BD82F949-9DCD-4A3E-B4A6-1221033B819D}.Release|Win32.ActiveCfg = Release|Win32
		{BD82F949-9DCD-4A3E-B4A6-1221033B819D}.Release|Win32.Build.0 = Release|Win32
		{5A4F078B-15D9-45B7-836F-A85FF6ACEED6}.Debug|Win32.ActiveCfg = Debug|Win32
		{5A4F078B-15D9-45B7-836F-A85FF6ACEED6}.Debug|Win32.Build.0 = Debug|Win32
		{5A4F078B-15D9-45B7-836F-A85FF6ACEED6}.Release|Win32.ActiveCfg = Release|Win32
		{5A4F078B-15D9-45B7-836F-A85FF6ACEED6}.Release|Win32.Build.0 = Release|Win32
		{9D9D0D65-FF1B-4990-BA1B-B08AA49043CA}.Debug|Win32.ActiveCfg = Debug|Win32
		{9D9D0D65-FF1B-4990-BA1B-B08AA49043CA}.Debug|Win32.Build.0 = Debug|Win32
		{9D9D0D65-FF1B-4990-BA1B-B08AA49043CA}.Release|Win32.ActiveCfg = Release|Win32
		{9D9D0D65-FF1B-4990-BA1B-B08AA49043CA}.Release|Win32.Build.0 = Release|Win32
		{75D4E99B-E1AD-48A8-8C6B-2F32E79E916D}.Debug|Win32.ActiveCfg = Debug|Win32
		{75D4E99B-E1AD-48A8-8C6B-2F32E79E916D}.Debug|Win32.Build.0 = Debug|Win32
		{75D4E99B-E1AD-48A8-8C6B-2F32E79E916D}.Release|Win32.ActiveCfg = Release|Win32
		{75D4E99B-E1AD-48A8-8C6B-2F32E79E916D}.Release|Win32.Build.0 = Release|Win32
		{99D33A51-05EC-4B4C-82DA-CD2B802608C3}.Debug|Win32.ActiveCfg = Debug|Win32
		{99D33A51-05EC-4B4C-82DA-CD2B802608C3}.Debug|Win32.Build.0 = Debug|Win32
		{99D33A51-05EC-4B4C-82DA-CD2B802608C3}.Release|Win32.ActiveCfg = Release|Win32
		{99D33A51-05EC-4B4C-82DA-CD2B802608C3}.Release|Win32.Build.0 = Release|Win32
		{F1AE5106-AFA2-4107-845E-03D756932617}.Debug|Win32.ActiveCfg = Debug|Win32
		{F1AE5106-AFA2-4107-845E-03D756932617}.Debug|Win32.Build.0 = Debug|Win32
		{F1AE5106-AFA2-4107-845E-03D756932617}.Release|Win32.ActiveCfg = Release|Win32
		{F1AE5106-AFA2-4107-845E-03D756932617}.Release|Win32.Build.0 = Release|Win32
		{90DC7BD0-2CA4-41A1-A432-614D14D0FE09}.Debug|Win32.ActiveCfg = Debug|Win32
		{90DC7BD0-2CA4-41A1-A432-614D14D0FE09}.Debug|Win32.Build.0 = Debug|Win32
		{90DC7BD0-2CA4-41A1-A432-614D14D0FE09}.Release|Win32.ActiveCfg = Release|Win32
		{90DC7BD0-2CA4-41A1-A432-614D14D0FE09}.Release|Win32.Build.0 = Release|Win32
		{A4E1ADCA-A104-4948-8695-BCECE8371FAC}.Debug|Win32.ActiveCfg = Debug|Win32
		{A4E1ADCA-A104-4948-8695-BCECE8371FAC}.Debug|Win32.Build.0 = Debug|Win32
		{A4E1ADCA-A104-4948-8695-BCECE8371FAC}.Release|Win32.ActiveCfg = Release|Win32
		{A4E1ADCA-A104-4948-8695-BCECE8371FAC}.Release|Win32.Build.0 = Release|Win32
		{3D045F48-486F-42EC-889C-23691A0AAC39}.Debug|Win32.ActiveCfg = Debug|Win32
		{3D045F48-486F-42EC-889C-23691A0AAC39}.Debug|Win32.Build.0 = Debug|Win32
		{3D045F48-486F-42EC-889C-23691A0AAC39}.Release|Win32.ActiveCfg = Release|Win32
		{3D045F48-486F-42EC-889C-23691A0AAC39}.Release|Win32.Build.0 = Release|Win32
		{A10984EF-AA35-465B-BCE0-B7A3D7ADBED0}.Debug|Win32.ActiveCfg = Debug|Win32
		{A10984EF-AA35-465B-BCE0-B7A3D7ADBED0}.Debug|Win32.Build.0 = Debug|Win32
		{A10984EF-AA35-465B-BCE0-B7A3D7ADBED0}.Release|Win32.ActiveCfg = Release|Win32
		{A10984EF-AA35-465B-BCE0-B7A3D7ADBED0}.Release|Win32.Build.0 = Release|Win32
		{23C7985C-9395-443F-ABBD-6732C6D5360F}.Debug|Win32.ActiveCfg = Debug|Win32
		{23C7985C-9395-443F-ABBD-6732C6D5360F}.Debug|Win32.Build.0 = Debug|Win32
		{23C7985C-9395-443F-ABBD-6732C6D5360F}.Release|Win32.ActiveCfg = Release|Win32
		{23C7985C-9395-443F-ABBD-6732C6D5360F}.Release|Win32.Build.0 = Release|Win32
	EndGlobalSection
	GlobalSection(SolutionProperties) = preSolution
		HideSolutionNode = FALSE
	EndGlobalSection
EndGlobal
