
Microsoft Visual Studio Solution File, Format Version 9.00
# Visual Studio 2005
Project("{8BC9CEB8-8B4A-11D0-8D11-00A0C91BC942}") = "BHGX_CardLib", "BHGX_CardLib\BHGX_CardLib.vcproj", "{90DC7BD0-2CA4-41A1-A432-614D14D0FE09}"
EndProject
Project("{8BC9CEB8-8B4A-11D0-8D11-00A0C91BC942}") = "BHGX_CreateCardData", "BHGX_CreateCardData\BHGX_CreateCardData.vcproj", "{A4E1ADCA-A104-4948-8695-BCECE8371FAC}"
EndProject
Project("{8BC9CEB8-8B4A-11D0-8D11-00A0C91BC942}") = "BHGX_CardActiveX", "BHGX_CardActiveX\BHGX_CardActiveX.vcproj", "{F1AE5106-AFA2-4107-845E-03D756932617}"
EndProject
Project("{8BC9CEB8-8B4A-11D0-8D11-00A0C91BC942}") = "BHGX_HISReader", "BHGX_HISReader\BHGX_HISReader.vcproj", "{5A4F078B-15D9-45B7-836F-A85FF6ACEED6}"
EndProject
Project("{8BC9CEB8-8B4A-11D0-8D11-00A0C91BC942}") = "BHGX_HospitalProcess", "BHGX_HospitalProcess\BHGX_HospitalProcess.vcproj", "{99D33A51-05EC-4B4C-82DA-CD2B802608C3}"
EndProject
Project("{8BC9CEB8-8B4A-11D0-8D11-00A0C91BC942}") = "CardProject", "CardProject\CardProject.vcproj", "{42189A3A-500B-41F2-AEDE-323292F5AE50}"
EndProject
Project("{8BC9CEB8-8B4A-11D0-8D11-00A0C91BC942}") = "printerDemo", "printerDemo\printerDemo.vcproj", "{8C60613C-DF9C-49AB-B222-44A165C32278}"
EndProject
Global
	GlobalSection(SolutionConfigurationPlatforms) = preSolution
		Debug|Win32 = Debug|Win32
		Release|Win32 = Release|Win32
	EndGlobalSection
	GlobalSection(ProjectConfigurationPlatforms) = postSolution
		{90DC7BD0-2CA4-41A1-A432-614D14D0FE09}.Debug|Win32.ActiveCfg = Debug|Win32
		{90DC7BD0-2CA4-41A1-A432-614D14D0FE09}.Debug|Win32.Build.0 = Debug|Win32
		{90DC7BD0-2CA4-41A1-A432-614D14D0FE09}.Release|Win32.ActiveCfg = Release|Win32
		{90DC7BD0-2CA4-41A1-A432-614D14D0FE09}.Release|Win32.Build.0 = Release|Win32
		{A4E1ADCA-A104-4948-8695-BCECE8371FAC}.Debug|Win32.ActiveCfg = Debug|Win32
		{A4E1ADCA-A104-4948-8695-BCECE8371FAC}.Debug|Win32.Build.0 = Debug|Win32
		{A4E1ADCA-A104-4948-8695-BCECE8371FAC}.Release|Win32.ActiveCfg = Release|Win32
		{A4E1ADCA-A104-4948-8695-BCECE8371FAC}.Release|Win32.Build.0 = Release|Win32
		{F1AE5106-AFA2-4107-845E-03D756932617}.Debug|Win32.ActiveCfg = Debug|Win32
		{F1AE5106-AFA2-4107-845E-03D756932617}.Debug|Win32.Build.0 = Debug|Win32
		{F1AE5106-AFA2-4107-845E-03D756932617}.Release|Win32.ActiveCfg = Release|Win32
		{F1AE5106-AFA2-4107-845E-03D756932617}.Release|Win32.Build.0 = Release|Win32
		{5A4F078B-15D9-45B7-836F-A85FF6ACEED6}.Debug|Win32.ActiveCfg = Debug|Win32
		{5A4F078B-15D9-45B7-836F-A85FF6ACEED6}.Debug|Win32.Build.0 = Debug|Win32
		{5A4F078B-15D9-45B7-836F-A85FF6ACEED6}.Release|Win32.ActiveCfg = Release|Win32
		{5A4F078B-15D9-45B7-836F-A85FF6ACEED6}.Release|Win32.Build.0 = Release|Win32
		{99D33A51-05EC-4B4C-82DA-CD2B802608C3}.Debug|Win32.ActiveCfg = Debug|Win32
		{99D33A51-05EC-4B4C-82DA-CD2B802608C3}.Debug|Win32.Build.0 = Debug|Win32
		{99D33A51-05EC-4B4C-82DA-CD2B802608C3}.Release|Win32.ActiveCfg = Release|Win32
		{99D33A51-05EC-4B4C-82DA-CD2B802608C3}.Release|Win32.Build.0 = Release|Win32
		{42189A3A-500B-41F2-AEDE-323292F5AE50}.Debug|Win32.ActiveCfg = Debug|Win32
		{42189A3A-500B-41F2-AEDE-323292F5AE50}.Debug|Win32.Build.0 = Debug|Win32
		{42189A3A-500B-41F2-AEDE-323292F5AE50}.Release|Win32.ActiveCfg = Release|Win32
		{42189A3A-500B-41F2-AEDE-323292F5AE50}.Release|Win32.Build.0 = Release|Win32
		{8C60613C-DF9C-49AB-B222-44A165C32278}.Debug|Win32.ActiveCfg = Debug|Win32
		{8C60613C-DF9C-49AB-B222-44A165C32278}.Debug|Win32.Build.0 = Debug|Win32
		{8C60613C-DF9C-49AB-B222-44A165C32278}.Release|Win32.ActiveCfg = Release|Win32
		{8C60613C-DF9C-49AB-B222-44A165C32278}.Release|Win32.Build.0 = Release|Win32
	EndGlobalSection
	GlobalSection(SolutionProperties) = preSolution
		HideSolutionNode = FALSE
	EndGlobalSection
EndGlobal
